
Microsoft Visual Studio Solution File, Format Version 12.00
# Visual Studio Version 17
VisualStudioVersion = 17.1.32421.90
MinimumVisualStudioVersion = 10.0.40219.1
Project("{FAE04EC0-301F-11D3-BF4B-00C04F79EFBC}") = "PriceQuoteApp", "PriceQuoteApp\PriceQuoteApp.csproj", "{8D20EA11-65A2-44CA-A5F4-9E94D971A262}"
EndProject
Global
	GlobalSection(SolutionConfigurationPlatforms) = preSolution
		Debug|Any CPU = Debug|Any CPU
		Release|Any CPU = Release|Any CPU
	EndGlobalSection
	GlobalSection(ProjectConfigurationPlatforms) = postSolution
		{8D20EA11-65A2-44CA-A5F4-9E94D971A262}.Debug|Any CPU.ActiveCfg = Debug|Any CPU
		{8D20EA11-65A2-44CA-A5F4-9E94D971A262}.Debug|Any CPU.Build.0 = Debug|Any CPU
		{8D20EA11-65A2-44CA-A5F4-9E94D971A262}.Release|Any CPU.ActiveCfg = Release|Any CPU
		{8D20EA11-65A2-44CA-A5F4-9E94D971A262}.Release|Any CPU.Build.0 = Release|Any CPU
	EndGlobalSection
	GlobalSection(SolutionProperties) = preSolution
		HideSolutionNode = FALSE
	EndGlobalSection
	GlobalSection(ExtensibilityGlobals) = postSolution
		SolutionGuid = {2BFB151E-FB18-447D-8D79-32C48988B3D8}
	EndGlobalSection
EndGlobal
