
Microsoft Visual Studio Solution File, Format Version 12.00
# Visual Studio Version 16
VisualStudioVersion = 16.0.28917.182
MinimumVisualStudioVersion = 10.0.40219.1
Project("{9A19103F-16F7-4668-BE54-9A1E7A4F7556}") = "ToDoList", "ToDoList\ToDoList.csproj", "{2BEE7672-06A9-4938-B497-CFB5417F52F8}"
EndProject
Global
	GlobalSection(SolutionConfigurationPlatforms) = preSolution
		Debug|Any CPU = Debug|Any CPU
		Release|Any CPU = Release|Any CPU
	EndGlobalSection
	GlobalSection(ProjectConfigurationPlatforms) = postSolution
		{2BEE7672-06A9-4938-B497-CFB5417F52F8}.Debug|Any CPU.ActiveCfg = Debug|Any CPU
		{2BEE7672-06A9-4938-B497-CFB5417F52F8}.Debug|Any CPU.Build.0 = Debug|Any CPU
		{2BEE7672-06A9-4938-B497-CFB5417F52F8}.Release|Any CPU.ActiveCfg = Release|Any CPU
		{2BEE7672-06A9-4938-B497-CFB5417F52F8}.Release|Any CPU.Build.0 = Release|Any CPU
	EndGlobalSection
	GlobalSection(SolutionProperties) = preSolution
		HideSolutionNode = FALSE
	EndGlobalSection
	GlobalSection(ExtensibilityGlobals) = postSolution
		SolutionGuid = {27C55DEE-1952-428B-91F0-DAF6FAA27310}
	EndGlobalSection
EndGlobal
